// !$*UTF8*$!
{
	archiveVersion = 1;
	classes = {
	};
	objectVersion = 46;
	objects = {

/* Begin PBXBuildFile section */
		15515F26156A92C80047D537 /* CoreText.framework in Frameworks */ = {isa = PBXBuildFile; fileRef = 15515F25156A92C80047D537 /* CoreText.framework */; };
		15B6E1D5156A88420076C490 /* TTTAttributedLabel.h in Headers */ = {isa = PBXBuildFile; fileRef = 15B6E1D3156A88420076C490 /* TTTAttributedLabel.h */; };
		15B6E1D6156A88420076C490 /* TTTAttributedLabel.m in Sources */ = {isa = PBXBuildFile; fileRef = 15B6E1D4156A88420076C490 /* TTTAttributedLabel.m */; };
		15DAE744156C38FA00C4B09C /* BB3DTransition.h in Headers */ = {isa = PBXBuildFile; fileRef = 15DAE742156C38FA00C4B09C /* BB3DTransition.h */; };
		15DAE745156C38FA00C4B09C /* BB3DTransition.m in Sources */ = {isa = PBXBuildFile; fileRef = 15DAE743156C38FA00C4B09C /* BB3DTransition.m */; };
		59A6824C2B6E015A599423CF /* BBScrollView.h in Headers */ = {isa = PBXBuildFile; fileRef = 59A68B29144DB18C664CE941 /* BBScrollView.h */; };
		59A688592900AE0E706B1F6A /* BBLabel.h in Headers */ = {isa = PBXBuildFile; fileRef = 59A68237F5ABE463A1F6F680 /* BBLabel.h */; };
		59A68D03DEAA2FC4D08E9686 /* BBScrollView.m in Sources */ = {isa = PBXBuildFile; fileRef = 59A680BECF51D402AE541981 /* BBScrollView.m */; };
		59A68FF66EABEEF418A387F8 /* BBLabel.m in Sources */ = {isa = PBXBuildFile; fileRef = 59A68B65B0F35D0561A8EF90 /* BBLabel.m */; };
		D3D653B71579593B00D3A2AE /* BBTextView.h in Headers */ = {isa = PBXBuildFile; fileRef = D3D653B31579593B00D3A2AE /* BBTextView.h */; };
		D3D653B81579593B00D3A2AE /* BBTextView.m in Sources */ = {isa = PBXBuildFile; fileRef = D3D653B41579593B00D3A2AE /* BBTextView.m */; };
		D3D653B91579593B00D3A2AE /* BBTextViewStyle.h in Headers */ = {isa = PBXBuildFile; fileRef = D3D653B51579593B00D3A2AE /* BBTextViewStyle.h */; };
		D3D653BA1579593B00D3A2AE /* BBTextViewStyle.m in Sources */ = {isa = PBXBuildFile; fileRef = D3D653B61579593B00D3A2AE /* BBTextViewStyle.m */; };
		D3E325871426546400924841 /* Foundation.framework in Frameworks */ = {isa = PBXBuildFile; fileRef = D3E325861426546400924841 /* Foundation.framework */; };
		D3E325921426546500924841 /* UIKit.framework in Frameworks */ = {isa = PBXBuildFile; fileRef = D3E325911426546500924841 /* UIKit.framework */; };
		D3E325931426546500924841 /* Foundation.framework in Frameworks */ = {isa = PBXBuildFile; fileRef = D3E325861426546400924841 /* Foundation.framework */; };
		D3E325951426546500924841 /* CoreGraphics.framework in Frameworks */ = {isa = PBXBuildFile; fileRef = D3E325941426546500924841 /* CoreGraphics.framework */; };
		D3E325981426546500924841 /* libBBCommon.a in Frameworks */ = {isa = PBXBuildFile; fileRef = D3E325831426546400924841 /* libBBCommon.a */; };
		D3E3259E1426546500924841 /* InfoPlist.strings in Resources */ = {isa = PBXBuildFile; fileRef = D3E3259C1426546500924841 /* InfoPlist.strings */; };
		D3E325A11426546500924841 /* BBCommonTests.h in Resources */ = {isa = PBXBuildFile; fileRef = D3E325A01426546500924841 /* BBCommonTests.h */; };
		D3E325A31426546500924841 /* BBCommonTests.m in Sources */ = {isa = PBXBuildFile; fileRef = D3E325A21426546500924841 /* BBCommonTests.m */; };
		D3E325C71426569D00924841 /* BBButtonStyle.h in Headers */ = {isa = PBXBuildFile; fileRef = D3E325B31426569D00924841 /* BBButtonStyle.h */; settings = {ATTRIBUTES = (Public, ); }; };
		D3E325C81426569D00924841 /* BBButtonStyle.m in Sources */ = {isa = PBXBuildFile; fileRef = D3E325B41426569D00924841 /* BBButtonStyle.m */; };
		D3E325C91426569D00924841 /* BBCommon.h in Headers */ = {isa = PBXBuildFile; fileRef = D3E325B51426569D00924841 /* BBCommon.h */; settings = {ATTRIBUTES = (Public, ); }; };
		D3E325CA1426569D00924841 /* BBLabelStyle.h in Headers */ = {isa = PBXBuildFile; fileRef = D3E325B61426569D00924841 /* BBLabelStyle.h */; settings = {ATTRIBUTES = (Public, ); }; };
		D3E325CB1426569D00924841 /* BBLabelStyle.m in Sources */ = {isa = PBXBuildFile; fileRef = D3E325B71426569D00924841 /* BBLabelStyle.m */; };
		D3E325CC1426569D00924841 /* BBMacros.h in Headers */ = {isa = PBXBuildFile; fileRef = D3E325B81426569D00924841 /* BBMacros.h */; settings = {ATTRIBUTES = (Public, ); }; };
		D3E325CD1426569D00924841 /* BBQuery.h in Headers */ = {isa = PBXBuildFile; fileRef = D3E325B91426569D00924841 /* BBQuery.h */; settings = {ATTRIBUTES = (Public, ); }; };
		D3E325CE1426569D00924841 /* BBQuery.m in Sources */ = {isa = PBXBuildFile; fileRef = D3E325BA1426569D00924841 /* BBQuery.m */; };
		D3E325CF1426569D00924841 /* BBStackView.h in Headers */ = {isa = PBXBuildFile; fileRef = D3E325BB1426569D00924841 /* BBStackView.h */; settings = {ATTRIBUTES = (Public, ); }; };
		D3E325D01426569D00924841 /* BBStackView.m in Sources */ = {isa = PBXBuildFile; fileRef = D3E325BC1426569D00924841 /* BBStackView.m */; };
		D3E325D11426569D00924841 /* BBWrapView.h in Headers */ = {isa = PBXBuildFile; fileRef = D3E325BD1426569D00924841 /* BBWrapView.h */; settings = {ATTRIBUTES = (Public, ); }; };
		D3E325D21426569D00924841 /* BBWrapView.m in Sources */ = {isa = PBXBuildFile; fileRef = D3E325BE1426569D00924841 /* BBWrapView.m */; };
		D3E325D31426569D00924841 /* NSManagedObject+BBCommon.h in Headers */ = {isa = PBXBuildFile; fileRef = D3E325BF1426569D00924841 /* NSManagedObject+BBCommon.h */; settings = {ATTRIBUTES = (Public, ); }; };
		D3E325D41426569D00924841 /* NSManagedObject+BBCommon.m in Sources */ = {isa = PBXBuildFile; fileRef = D3E325C01426569D00924841 /* NSManagedObject+BBCommon.m */; };
		D3E325D51426569D00924841 /* UILabel+BBCommon.h in Headers */ = {isa = PBXBuildFile; fileRef = D3E325C11426569D00924841 /* UILabel+BBCommon.h */; settings = {ATTRIBUTES = (Public, ); }; };
		D3E325D61426569D00924841 /* UILabel+BBCommon.m in Sources */ = {isa = PBXBuildFile; fileRef = D3E325C21426569D00924841 /* UILabel+BBCommon.m */; };
		D3E325D71426569D00924841 /* UIView+BBCommon.h in Headers */ = {isa = PBXBuildFile; fileRef = D3E325C31426569D00924841 /* UIView+BBCommon.h */; settings = {ATTRIBUTES = (Public, ); }; };
		D3E325D81426569D00924841 /* UIView+BBCommon.m in Sources */ = {isa = PBXBuildFile; fileRef = D3E325C41426569D00924841 /* UIView+BBCommon.m */; };
		D3E325D91426569D00924841 /* UIViewController+BBCommon.h in Headers */ = {isa = PBXBuildFile; fileRef = D3E325C51426569D00924841 /* UIViewController+BBCommon.h */; settings = {ATTRIBUTES = (Public, ); }; };
		D3E325DA1426569D00924841 /* UIViewController+BBCommon.m in Sources */ = {isa = PBXBuildFile; fileRef = D3E325C61426569D00924841 /* UIViewController+BBCommon.m */; };
		D3E325E11426574900924841 /* CoreData.framework in Frameworks */ = {isa = PBXBuildFile; fileRef = D3E325DF1426574900924841 /* CoreData.framework */; };
		D3E325E21426574900924841 /* QuartzCore.framework in Frameworks */ = {isa = PBXBuildFile; fileRef = D3E325E01426574900924841 /* QuartzCore.framework */; };
		D3E325E21426574900924843 /* NSInvocation+BBCommon.m in Sources */ = {isa = PBXBuildFile; fileRef = D3E325E21426574900924842 /* NSInvocation+BBCommon.m */; };
		D3E325E21426574900924845 /* NSInvocation+BBCommon.h in Headers */ = {isa = PBXBuildFile; fileRef = D3E325E21426574900924844 /* NSInvocation+BBCommon.h */; settings = {ATTRIBUTES = (Public, ); }; };
		D3E325E21426574900924847 /* NSFileManager+TemporaryFiles.m in Sources */ = {isa = PBXBuildFile; fileRef = D3E325E21426574900924846 /* NSFileManager+TemporaryFiles.m */; };
		D3E325E21426574900924849 /* NSFileManager+TemporaryFiles.h in Headers */ = {isa = PBXBuildFile; fileRef = D3E325E21426574900924848 /* NSFileManager+TemporaryFiles.h */; settings = {ATTRIBUTES = (Public, ); }; };
		D3E325E2142657490092484F /* NSString+BBCommon.m in Sources */ = {isa = PBXBuildFile; fileRef = D3E325E2142657490092484E /* NSString+BBCommon.m */; };
		D3E325E21426574900924851 /* NSString+BBCommon.h in Headers */ = {isa = PBXBuildFile; fileRef = D3E325E21426574900924850 /* NSString+BBCommon.h */; };
		D3E325E21426574900924853 /* UIColor+BBCommon.m in Sources */ = {isa = PBXBuildFile; fileRef = D3E325E21426574900924852 /* UIColor+BBCommon.m */; };
		D3E325E21426574900924855 /* UIColor+BBCommon.h in Headers */ = {isa = PBXBuildFile; fileRef = D3E325E21426574900924854 /* UIColor+BBCommon.h */; };
		D3E325E21426574900924857 /* NSDate+BBCommon.h in Headers */ = {isa = PBXBuildFile; fileRef = D3E325E21426574900924856 /* NSDate+BBCommon.h */; };
		D3E325E21426574900924859 /* NSDate+BBCommon.m in Sources */ = {isa = PBXBuildFile; fileRef = D3E325E21426574900924858 /* NSDate+BBCommon.m */; };
		D3E325E2142657490092485B /* NSObject+BBCommon.m in Sources */ = {isa = PBXBuildFile; fileRef = D3E325E2142657490092485A /* NSObject+BBCommon.m */; };
		D3E325E2142657490092485D /* NSObject+BBCommon.h in Headers */ = {isa = PBXBuildFile; fileRef = D3E325E2142657490092485C /* NSObject+BBCommon.h */; };
		D3E325E2142657490092485F /* BBTextField.m in Sources */ = {isa = PBXBuildFile; fileRef = D3E325E2142657490092485E /* BBTextField.m */; };
		D3E325E21426574900924861 /* BBTextField.h in Headers */ = {isa = PBXBuildFile; fileRef = D3E325E21426574900924860 /* BBTextField.h */; };
		D3E325E21426574900924863 /* BBTextFieldStyle.m in Sources */ = {isa = PBXBuildFile; fileRef = D3E325E21426574900924862 /* BBTextFieldStyle.m */; };
		D3E325E21426574900924865 /* BBTextFieldStyle.h in Headers */ = {isa = PBXBuildFile; fileRef = D3E325E21426574900924864 /* BBTextFieldStyle.h */; };
		D3E325E21426574900924867 /* BBKenBurnsView.m in Sources */ = {isa = PBXBuildFile; fileRef = D3E325E21426574900924866 /* BBKenBurnsView.m */; };
		D3E325E21426574900924869 /* BBKenBurnsView.h in Headers */ = {isa = PBXBuildFile; fileRef = D3E325E21426574900924868 /* BBKenBurnsView.h */; };
		D3E325E2142657490092486B /* UIImage+BBCommon.m in Sources */ = {isa = PBXBuildFile; fileRef = D3E325E2142657490092486A /* UIImage+BBCommon.m */; };
		D3E325E2142657490092486D /* UIImage+BBCommon.h in Headers */ = {isa = PBXBuildFile; fileRef = D3E325E2142657490092486C /* UIImage+BBCommon.h */; };
		D3E325E2142657490092486F /* BBPopupController.m in Sources */ = {isa = PBXBuildFile; fileRef = D3E325E2142657490092486E /* BBPopupController.m */; };
		D3E325E21426574900924871 /* BBRoundedRectView.m in Sources */ = {isa = PBXBuildFile; fileRef = D3E325E21426574900924870 /* BBRoundedRectView.m */; };
		D3E325E21426574900924873 /* BBTableView.m in Sources */ = {isa = PBXBuildFile; fileRef = D3E325E21426574900924872 /* BBTableView.m */; };
		D3E325E21426574900924875 /* BBTableViewCell.m in Sources */ = {isa = PBXBuildFile; fileRef = D3E325E21426574900924874 /* BBTableViewCell.m */; };
		D3E325E21426574900924877 /* BBPopupController.h in Headers */ = {isa = PBXBuildFile; fileRef = D3E325E21426574900924876 /* BBPopupController.h */; };
		D3E325E21426574900924879 /* BBRoundedRectView.h in Headers */ = {isa = PBXBuildFile; fileRef = D3E325E21426574900924878 /* BBRoundedRectView.h */; };
		D3E325E2142657490092487B /* BBTableView.h in Headers */ = {isa = PBXBuildFile; fileRef = D3E325E2142657490092487A /* BBTableView.h */; };
		D3E325E2142657490092487D /* BBTableViewCell.h in Headers */ = {isa = PBXBuildFile; fileRef = D3E325E2142657490092487C /* BBTableViewCell.h */; };
		D3E325E2142657490092487F /* UITableView+BBCommon.m in Sources */ = {isa = PBXBuildFile; fileRef = D3E325E2142657490092487E /* UITableView+BBCommon.m */; };
		D3E325E21426574900924881 /* GTMNSString+HTML.h in Headers */ = {isa = PBXBuildFile; fileRef = D3E325E21426574900924880 /* GTMNSString+HTML.h */; };
		D3E325E21426574900924883 /* GTMNSString+HTML.m in Sources */ = {isa = PBXBuildFile; fileRef = D3E325E21426574900924882 /* GTMNSString+HTML.m */; };
		D3E325E21426574900924885 /* NSArray+BBCommon.h in Headers */ = {isa = PBXBuildFile; fileRef = D3E325E21426574900924884 /* NSArray+BBCommon.h */; };
		D3E325E21426574900924887 /* NSArray+BBCommon.m in Sources */ = {isa = PBXBuildFile; fileRef = D3E325E21426574900924886 /* NSArray+BBCommon.m */; };
		D3E325E21426574900924889 /* NSDictionary+BBCommon.h in Headers */ = {isa = PBXBuildFile; fileRef = D3E325E21426574900924888 /* NSDictionary+BBCommon.h */; };
		D3E325E2142657490092488B /* NSDictionary+BBCommon.m in Sources */ = {isa = PBXBuildFile; fileRef = D3E325E2142657490092488A /* NSDictionary+BBCommon.m */; };
		D3E325E2142657490092488D /* NSURL+BBCommon.h in Headers */ = {isa = PBXBuildFile; fileRef = D3E325E2142657490092488C /* NSURL+BBCommon.h */; };
		D3E325E2142657490092488F /* NSURL+BBCommon.m in Sources */ = {isa = PBXBuildFile; fileRef = D3E325E2142657490092488E /* NSURL+BBCommon.m */; };
		D3E325E21426574900924891 /* UIApplication+BBCommon.h in Headers */ = {isa = PBXBuildFile; fileRef = D3E325E21426574900924890 /* UIApplication+BBCommon.h */; };
		D3E325E21426574900924893 /* UIApplication+BBCommon.m in Sources */ = {isa = PBXBuildFile; fileRef = D3E325E21426574900924892 /* UIApplication+BBCommon.m */; };
		D3E325E21426574900924895 /* UIButton+BBCommon.h in Headers */ = {isa = PBXBuildFile; fileRef = D3E325E21426574900924894 /* UIButton+BBCommon.h */; };
		D3E325E21426574900924897 /* UIButton+BBCommon.m in Sources */ = {isa = PBXBuildFile; fileRef = D3E325E21426574900924896 /* UIButton+BBCommon.m */; };
		D3E325E21426574900924899 /* UIScrollView+BBCommon.h in Headers */ = {isa = PBXBuildFile; fileRef = D3E325E21426574900924898 /* UIScrollView+BBCommon.h */; };
		D3E325E2142657490092489B /* UIScrollView+BBCommon.m in Sources */ = {isa = PBXBuildFile; fileRef = D3E325E2142657490092489A /* UIScrollView+BBCommon.m */; };
		D3E325E2142657490092489D /* UITableView+BBCommon.h in Headers */ = {isa = PBXBuildFile; fileRef = D3E325E2142657490092489C /* UITableView+BBCommon.h */; };
		D3E325E2142657490092489F /* UIWebView+BBCommon.h in Headers */ = {isa = PBXBuildFile; fileRef = D3E325E2142657490092489E /* UIWebView+BBCommon.h */; };
		D3E325E214265749009248A1 /* UIWebView+BBCommon.m in Sources */ = {isa = PBXBuildFile; fileRef = D3E325E214265749009248A0 /* UIWebView+BBCommon.m */; };
		D3E325E214265749009248A3 /* UIPopoverController+BBCommon.m in Sources */ = {isa = PBXBuildFile; fileRef = D3E325E214265749009248A2 /* UIPopoverController+BBCommon.m */; };
		D3E325E214265749009248A5 /* UIPopoverController+BBCommon.h in Headers */ = {isa = PBXBuildFile; fileRef = D3E325E214265749009248A4 /* UIPopoverController+BBCommon.h */; };
		D3E325E214265749009248A7 /* BBModalDialogView.h in Headers */ = {isa = PBXBuildFile; fileRef = D3E325E214265749009248A6 /* BBModalDialogView.h */; };
		D3E325E214265749009248A9 /* BBModalDialogView.m in Sources */ = {isa = PBXBuildFile; fileRef = D3E325E214265749009248A8 /* BBModalDialogView.m */; };
		D3E325E214265749009248AB /* BBPassThroughView.h in Headers */ = {isa = PBXBuildFile; fileRef = D3E325E214265749009248AA /* BBPassThroughView.h */; };
		D3E325E214265749009248AD /* BBPassThroughView.m in Sources */ = {isa = PBXBuildFile; fileRef = D3E325E214265749009248AC /* BBPassThroughView.m */; };
		D3E325E214265749009248B0 /* UINavigationController+BBCommon.m in Sources */ = {isa = PBXBuildFile; fileRef = D3E325E214265749009248AF /* UINavigationController+BBCommon.m */; };
		D3E325E214265749009248B2 /* UINavigationController+BBCommon.h in Headers */ = {isa = PBXBuildFile; fileRef = D3E325E214265749009248B1 /* UINavigationController+BBCommon.h */; };
		D3E325E214265749009248B4 /* BBTransitioningViewControllerProtocol.h in Headers */ = {isa = PBXBuildFile; fileRef = D3E325E214265749009248B3 /* BBTransitioningViewControllerProtocol.h */; };
		D3E325E214265749009248B6 /* UILabel+Animation.m in Sources */ = {isa = PBXBuildFile; fileRef = D3E325E214265749009248B5 /* UILabel+Animation.m */; };
		D3E325E214265749009248B8 /* UILabel+Animation.h in Headers */ = {isa = PBXBuildFile; fileRef = D3E325E214265749009248B7 /* UILabel+Animation.h */; };
/* End PBXBuildFile section */

/* Begin PBXContainerItemProxy section */
		D3E325961426546500924841 /* PBXContainerItemProxy */ = {
			isa = PBXContainerItemProxy;
			containerPortal = D3E3257A1426546400924841 /* Project object */;
			proxyType = 1;
			remoteGlobalIDString = D3E325821426546400924841;
			remoteInfo = BBCommon;
		};
/* End PBXContainerItemProxy section */

/* Begin PBXFileReference section */
		15515F25156A92C80047D537 /* CoreText.framework */ = {isa = PBXFileReference; lastKnownFileType = wrapper.framework; name = CoreText.framework; path = System/Library/Frameworks/CoreText.framework; sourceTree = SDKROOT; };
		15B6E1D3156A88420076C490 /* TTTAttributedLabel.h */ = {isa = PBXFileReference; fileEncoding = 4; lastKnownFileType = sourcecode.c.h; name = TTTAttributedLabel.h; path = ../../lib/TTTAttributedLabel/TTTAttributedLabel.h; sourceTree = "<group>"; };
		15B6E1D4156A88420076C490 /* TTTAttributedLabel.m */ = {isa = PBXFileReference; fileEncoding = 4; lastKnownFileType = sourcecode.c.objc; name = TTTAttributedLabel.m; path = ../../lib/TTTAttributedLabel/TTTAttributedLabel.m; sourceTree = "<group>"; };
		15DAE742156C38FA00C4B09C /* BB3DTransition.h */ = {isa = PBXFileReference; fileEncoding = 4; lastKnownFileType = sourcecode.c.h; path = BB3DTransition.h; sourceTree = "<group>"; };
		15DAE743156C38FA00C4B09C /* BB3DTransition.m */ = {isa = PBXFileReference; fileEncoding = 4; lastKnownFileType = sourcecode.c.objc; path = BB3DTransition.m; sourceTree = "<group>"; };
		59A680BECF51D402AE541981 /* BBScrollView.m */ = {isa = PBXFileReference; fileEncoding = 4; lastKnownFileType = sourcecode.c.objc; path = BBScrollView.m; sourceTree = "<group>"; };
		59A68237F5ABE463A1F6F680 /* BBLabel.h */ = {isa = PBXFileReference; fileEncoding = 4; lastKnownFileType = sourcecode.c.h; path = BBLabel.h; sourceTree = "<group>"; };
		59A68B29144DB18C664CE941 /* BBScrollView.h */ = {isa = PBXFileReference; fileEncoding = 4; lastKnownFileType = sourcecode.c.h; path = BBScrollView.h; sourceTree = "<group>"; };
		59A68B65B0F35D0561A8EF90 /* BBLabel.m */ = {isa = PBXFileReference; fileEncoding = 4; lastKnownFileType = sourcecode.c.objc; path = BBLabel.m; sourceTree = "<group>"; };
		D3D653B31579593B00D3A2AE /* BBTextView.h */ = {isa = PBXFileReference; fileEncoding = 4; lastKnownFileType = sourcecode.c.h; path = BBTextView.h; sourceTree = "<group>"; };
		D3D653B41579593B00D3A2AE /* BBTextView.m */ = {isa = PBXFileReference; fileEncoding = 4; lastKnownFileType = sourcecode.c.objc; path = BBTextView.m; sourceTree = "<group>"; };
		D3D653B51579593B00D3A2AE /* BBTextViewStyle.h */ = {isa = PBXFileReference; fileEncoding = 4; lastKnownFileType = sourcecode.c.h; path = BBTextViewStyle.h; sourceTree = "<group>"; };
		D3D653B61579593B00D3A2AE /* BBTextViewStyle.m */ = {isa = PBXFileReference; fileEncoding = 4; lastKnownFileType = sourcecode.c.objc; path = BBTextViewStyle.m; sourceTree = "<group>"; };
		D3E325831426546400924841 /* libBBCommon.a */ = {isa = PBXFileReference; explicitFileType = archive.ar; includeInIndex = 0; path = libBBCommon.a; sourceTree = BUILT_PRODUCTS_DIR; };
		D3E325861426546400924841 /* Foundation.framework */ = {isa = PBXFileReference; lastKnownFileType = wrapper.framework; name = Foundation.framework; path = System/Library/Frameworks/Foundation.framework; sourceTree = SDKROOT; };
		D3E3258A1426546400924841 /* BBCommon-Prefix.pch */ = {isa = PBXFileReference; lastKnownFileType = sourcecode.c.h; path = "BBCommon-Prefix.pch"; sourceTree = "<group>"; };
		D3E325901426546500924841 /* BBCommonTests.octest */ = {isa = PBXFileReference; explicitFileType = wrapper.cfbundle; includeInIndex = 0; path = BBCommonTests.octest; sourceTree = BUILT_PRODUCTS_DIR; };
		D3E325911426546500924841 /* UIKit.framework */ = {isa = PBXFileReference; lastKnownFileType = wrapper.framework; name = UIKit.framework; path = System/Library/Frameworks/UIKit.framework; sourceTree = SDKROOT; };
		D3E325941426546500924841 /* CoreGraphics.framework */ = {isa = PBXFileReference; lastKnownFileType = wrapper.framework; name = CoreGraphics.framework; path = System/Library/Frameworks/CoreGraphics.framework; sourceTree = SDKROOT; };
		D3E3259B1426546500924841 /* BBCommonTests-Info.plist */ = {isa = PBXFileReference; fileEncoding = 4; lastKnownFileType = text.plist.xml; path = "BBCommonTests-Info.plist"; sourceTree = "<group>"; };
		D3E3259D1426546500924841 /* en */ = {isa = PBXFileReference; lastKnownFileType = text.plist.strings; name = en; path = en.lproj/InfoPlist.strings; sourceTree = "<group>"; };
		D3E3259F1426546500924841 /* BBCommonTests-Prefix.pch */ = {isa = PBXFileReference; lastKnownFileType = sourcecode.c.h; path = "BBCommonTests-Prefix.pch"; sourceTree = "<group>"; };
		D3E325A01426546500924841 /* BBCommonTests.h */ = {isa = PBXFileReference; lastKnownFileType = sourcecode.c.h; path = BBCommonTests.h; sourceTree = "<group>"; };
		D3E325A21426546500924841 /* BBCommonTests.m */ = {isa = PBXFileReference; lastKnownFileType = sourcecode.c.objc; path = BBCommonTests.m; sourceTree = "<group>"; };
		D3E325B31426569D00924841 /* BBButtonStyle.h */ = {isa = PBXFileReference; fileEncoding = 4; lastKnownFileType = sourcecode.c.h; path = BBButtonStyle.h; sourceTree = "<group>"; };
		D3E325B41426569D00924841 /* BBButtonStyle.m */ = {isa = PBXFileReference; fileEncoding = 4; lastKnownFileType = sourcecode.c.objc; path = BBButtonStyle.m; sourceTree = "<group>"; };
		D3E325B51426569D00924841 /* BBCommon.h */ = {isa = PBXFileReference; fileEncoding = 4; lastKnownFileType = sourcecode.c.h; path = BBCommon.h; sourceTree = "<group>"; };
		D3E325B61426569D00924841 /* BBLabelStyle.h */ = {isa = PBXFileReference; fileEncoding = 4; lastKnownFileType = sourcecode.c.h; path = BBLabelStyle.h; sourceTree = "<group>"; };
		D3E325B71426569D00924841 /* BBLabelStyle.m */ = {isa = PBXFileReference; fileEncoding = 4; lastKnownFileType = sourcecode.c.objc; path = BBLabelStyle.m; sourceTree = "<group>"; };
		D3E325B81426569D00924841 /* BBMacros.h */ = {isa = PBXFileReference; fileEncoding = 4; lastKnownFileType = sourcecode.c.h; path = BBMacros.h; sourceTree = "<group>"; };
		D3E325B91426569D00924841 /* BBQuery.h */ = {isa = PBXFileReference; fileEncoding = 4; lastKnownFileType = sourcecode.c.h; path = BBQuery.h; sourceTree = "<group>"; };
		D3E325BA1426569D00924841 /* BBQuery.m */ = {isa = PBXFileReference; fileEncoding = 4; lastKnownFileType = sourcecode.c.objc; path = BBQuery.m; sourceTree = "<group>"; };
		D3E325BB1426569D00924841 /* BBStackView.h */ = {isa = PBXFileReference; fileEncoding = 4; lastKnownFileType = sourcecode.c.h; path = BBStackView.h; sourceTree = "<group>"; };
		D3E325BC1426569D00924841 /* BBStackView.m */ = {isa = PBXFileReference; fileEncoding = 4; lastKnownFileType = sourcecode.c.objc; path = BBStackView.m; sourceTree = "<group>"; };
		D3E325BD1426569D00924841 /* BBWrapView.h */ = {isa = PBXFileReference; fileEncoding = 4; lastKnownFileType = sourcecode.c.h; path = BBWrapView.h; sourceTree = "<group>"; };
		D3E325BE1426569D00924841 /* BBWrapView.m */ = {isa = PBXFileReference; fileEncoding = 4; lastKnownFileType = sourcecode.c.objc; path = BBWrapView.m; sourceTree = "<group>"; };
		D3E325BF1426569D00924841 /* NSManagedObject+BBCommon.h */ = {isa = PBXFileReference; fileEncoding = 4; lastKnownFileType = sourcecode.c.h; path = "NSManagedObject+BBCommon.h"; sourceTree = "<group>"; };
		D3E325C01426569D00924841 /* NSManagedObject+BBCommon.m */ = {isa = PBXFileReference; fileEncoding = 4; lastKnownFileType = sourcecode.c.objc; path = "NSManagedObject+BBCommon.m"; sourceTree = "<group>"; };
		D3E325C11426569D00924841 /* UILabel+BBCommon.h */ = {isa = PBXFileReference; fileEncoding = 4; lastKnownFileType = sourcecode.c.h; path = "UILabel+BBCommon.h"; sourceTree = "<group>"; };
		D3E325C21426569D00924841 /* UILabel+BBCommon.m */ = {isa = PBXFileReference; fileEncoding = 4; lastKnownFileType = sourcecode.c.objc; path = "UILabel+BBCommon.m"; sourceTree = "<group>"; };
		D3E325C31426569D00924841 /* UIView+BBCommon.h */ = {isa = PBXFileReference; fileEncoding = 4; lastKnownFileType = sourcecode.c.h; path = "UIView+BBCommon.h"; sourceTree = "<group>"; };
		D3E325C41426569D00924841 /* UIView+BBCommon.m */ = {isa = PBXFileReference; fileEncoding = 4; lastKnownFileType = sourcecode.c.objc; path = "UIView+BBCommon.m"; sourceTree = "<group>"; };
		D3E325C51426569D00924841 /* UIViewController+BBCommon.h */ = {isa = PBXFileReference; fileEncoding = 4; lastKnownFileType = sourcecode.c.h; path = "UIViewController+BBCommon.h"; sourceTree = "<group>"; };
		D3E325C61426569D00924841 /* UIViewController+BBCommon.m */ = {isa = PBXFileReference; fileEncoding = 4; lastKnownFileType = sourcecode.c.objc; path = "UIViewController+BBCommon.m"; sourceTree = "<group>"; };
		D3E325DF1426574900924841 /* CoreData.framework */ = {isa = PBXFileReference; lastKnownFileType = wrapper.framework; name = CoreData.framework; path = System/Library/Frameworks/CoreData.framework; sourceTree = SDKROOT; };
		D3E325E01426574900924841 /* QuartzCore.framework */ = {isa = PBXFileReference; lastKnownFileType = wrapper.framework; name = QuartzCore.framework; path = System/Library/Frameworks/QuartzCore.framework; sourceTree = SDKROOT; };
		D3E325E21426574900924842 /* NSInvocation+BBCommon.m */ = {isa = PBXFileReference; fileEncoding = 4; lastKnownFileType = sourcecode.c.objc; path = "NSInvocation+BBCommon.m"; sourceTree = "<group>"; };
		D3E325E21426574900924844 /* NSInvocation+BBCommon.h */ = {isa = PBXFileReference; fileEncoding = 4; lastKnownFileType = sourcecode.c.h; path = "NSInvocation+BBCommon.h"; sourceTree = "<group>"; };
		D3E325E21426574900924846 /* NSFileManager+TemporaryFiles.m */ = {isa = PBXFileReference; fileEncoding = 4; lastKnownFileType = sourcecode.c.objc; path = "NSFileManager+TemporaryFiles.m"; sourceTree = "<group>"; };
		D3E325E21426574900924848 /* NSFileManager+TemporaryFiles.h */ = {isa = PBXFileReference; fileEncoding = 4; lastKnownFileType = sourcecode.c.h; path = "NSFileManager+TemporaryFiles.h"; sourceTree = "<group>"; };
		D3E325E2142657490092484E /* NSString+BBCommon.m */ = {isa = PBXFileReference; fileEncoding = 4; lastKnownFileType = sourcecode.c.objc; path = "NSString+BBCommon.m"; sourceTree = "<group>"; };
		D3E325E21426574900924850 /* NSString+BBCommon.h */ = {isa = PBXFileReference; fileEncoding = 4; lastKnownFileType = sourcecode.c.h; path = "NSString+BBCommon.h"; sourceTree = "<group>"; };
		D3E325E21426574900924852 /* UIColor+BBCommon.m */ = {isa = PBXFileReference; fileEncoding = 4; lastKnownFileType = sourcecode.c.objc; path = "UIColor+BBCommon.m"; sourceTree = "<group>"; };
		D3E325E21426574900924854 /* UIColor+BBCommon.h */ = {isa = PBXFileReference; fileEncoding = 4; lastKnownFileType = sourcecode.c.h; path = "UIColor+BBCommon.h"; sourceTree = "<group>"; };
		D3E325E21426574900924856 /* NSDate+BBCommon.h */ = {isa = PBXFileReference; fileEncoding = 4; lastKnownFileType = sourcecode.c.h; path = "NSDate+BBCommon.h"; sourceTree = "<group>"; };
		D3E325E21426574900924858 /* NSDate+BBCommon.m */ = {isa = PBXFileReference; fileEncoding = 4; lastKnownFileType = sourcecode.c.objc; path = "NSDate+BBCommon.m"; sourceTree = "<group>"; };
		D3E325E2142657490092485A /* NSObject+BBCommon.m */ = {isa = PBXFileReference; fileEncoding = 4; lastKnownFileType = sourcecode.c.objc; path = "NSObject+BBCommon.m"; sourceTree = "<group>"; };
		D3E325E2142657490092485C /* NSObject+BBCommon.h */ = {isa = PBXFileReference; fileEncoding = 4; lastKnownFileType = sourcecode.c.h; path = "NSObject+BBCommon.h"; sourceTree = "<group>"; };
		D3E325E2142657490092485E /* BBTextField.m */ = {isa = PBXFileReference; fileEncoding = 4; lastKnownFileType = sourcecode.c.objc; path = BBTextField.m; sourceTree = "<group>"; };
		D3E325E21426574900924860 /* BBTextField.h */ = {isa = PBXFileReference; fileEncoding = 4; lastKnownFileType = sourcecode.c.h; path = BBTextField.h; sourceTree = "<group>"; };
		D3E325E21426574900924862 /* BBTextFieldStyle.m */ = {isa = PBXFileReference; fileEncoding = 4; lastKnownFileType = sourcecode.c.objc; path = BBTextFieldStyle.m; sourceTree = "<group>"; };
		D3E325E21426574900924864 /* BBTextFieldStyle.h */ = {isa = PBXFileReference; fileEncoding = 4; lastKnownFileType = sourcecode.c.h; path = BBTextFieldStyle.h; sourceTree = "<group>"; };
		D3E325E21426574900924866 /* BBKenBurnsView.m */ = {isa = PBXFileReference; fileEncoding = 4; lastKnownFileType = sourcecode.c.objc; path = BBKenBurnsView.m; sourceTree = "<group>"; };
		D3E325E21426574900924868 /* BBKenBurnsView.h */ = {isa = PBXFileReference; fileEncoding = 4; lastKnownFileType = sourcecode.c.h; path = BBKenBurnsView.h; sourceTree = "<group>"; };
		D3E325E2142657490092486A /* UIImage+BBCommon.m */ = {isa = PBXFileReference; fileEncoding = 4; lastKnownFileType = sourcecode.c.objc; path = "UIImage+BBCommon.m"; sourceTree = "<group>"; };
		D3E325E2142657490092486C /* UIImage+BBCommon.h */ = {isa = PBXFileReference; fileEncoding = 4; lastKnownFileType = sourcecode.c.h; path = "UIImage+BBCommon.h"; sourceTree = "<group>"; };
		D3E325E2142657490092486E /* BBPopupController.m */ = {isa = PBXFileReference; fileEncoding = 4; lastKnownFileType = sourcecode.c.objc; path = BBPopupController.m; sourceTree = "<group>"; };
		D3E325E21426574900924870 /* BBRoundedRectView.m */ = {isa = PBXFileReference; fileEncoding = 4; lastKnownFileType = sourcecode.c.objc; path = BBRoundedRectView.m; sourceTree = "<group>"; };
		D3E325E21426574900924872 /* BBTableView.m */ = {isa = PBXFileReference; fileEncoding = 4; lastKnownFileType = sourcecode.c.objc; path = BBTableView.m; sourceTree = "<group>"; };
		D3E325E21426574900924874 /* BBTableViewCell.m */ = {isa = PBXFileReference; fileEncoding = 4; lastKnownFileType = sourcecode.c.objc; path = BBTableViewCell.m; sourceTree = "<group>"; };
		D3E325E21426574900924876 /* BBPopupController.h */ = {isa = PBXFileReference; fileEncoding = 4; lastKnownFileType = sourcecode.c.h; path = BBPopupController.h; sourceTree = "<group>"; };
		D3E325E21426574900924878 /* BBRoundedRectView.h */ = {isa = PBXFileReference; fileEncoding = 4; lastKnownFileType = sourcecode.c.h; path = BBRoundedRectView.h; sourceTree = "<group>"; };
		D3E325E2142657490092487A /* BBTableView.h */ = {isa = PBXFileReference; fileEncoding = 4; lastKnownFileType = sourcecode.c.h; path = BBTableView.h; sourceTree = "<group>"; };
		D3E325E2142657490092487C /* BBTableViewCell.h */ = {isa = PBXFileReference; fileEncoding = 4; lastKnownFileType = sourcecode.c.h; path = BBTableViewCell.h; sourceTree = "<group>"; };
		D3E325E2142657490092487E /* UITableView+BBCommon.m */ = {isa = PBXFileReference; fileEncoding = 4; lastKnownFileType = sourcecode.c.objc; path = "UITableView+BBCommon.m"; sourceTree = "<group>"; };
		D3E325E21426574900924880 /* GTMNSString+HTML.h */ = {isa = PBXFileReference; fileEncoding = 4; lastKnownFileType = sourcecode.c.h; path = "GTMNSString+HTML.h"; sourceTree = "<group>"; };
		D3E325E21426574900924882 /* GTMNSString+HTML.m */ = {isa = PBXFileReference; fileEncoding = 4; lastKnownFileType = sourcecode.c.objc; path = "GTMNSString+HTML.m"; sourceTree = "<group>"; };
		D3E325E21426574900924884 /* NSArray+BBCommon.h */ = {isa = PBXFileReference; fileEncoding = 4; lastKnownFileType = sourcecode.c.h; path = "NSArray+BBCommon.h"; sourceTree = "<group>"; };
		D3E325E21426574900924886 /* NSArray+BBCommon.m */ = {isa = PBXFileReference; fileEncoding = 4; lastKnownFileType = sourcecode.c.objc; path = "NSArray+BBCommon.m"; sourceTree = "<group>"; };
		D3E325E21426574900924888 /* NSDictionary+BBCommon.h */ = {isa = PBXFileReference; fileEncoding = 4; lastKnownFileType = sourcecode.c.h; path = "NSDictionary+BBCommon.h"; sourceTree = "<group>"; };
		D3E325E2142657490092488A /* NSDictionary+BBCommon.m */ = {isa = PBXFileReference; fileEncoding = 4; lastKnownFileType = sourcecode.c.objc; path = "NSDictionary+BBCommon.m"; sourceTree = "<group>"; };
		D3E325E2142657490092488C /* NSURL+BBCommon.h */ = {isa = PBXFileReference; fileEncoding = 4; lastKnownFileType = sourcecode.c.h; path = "NSURL+BBCommon.h"; sourceTree = "<group>"; };
		D3E325E2142657490092488E /* NSURL+BBCommon.m */ = {isa = PBXFileReference; fileEncoding = 4; lastKnownFileType = sourcecode.c.objc; path = "NSURL+BBCommon.m"; sourceTree = "<group>"; };
		D3E325E21426574900924890 /* UIApplication+BBCommon.h */ = {isa = PBXFileReference; fileEncoding = 4; lastKnownFileType = sourcecode.c.h; path = "UIApplication+BBCommon.h"; sourceTree = "<group>"; };
		D3E325E21426574900924892 /* UIApplication+BBCommon.m */ = {isa = PBXFileReference; fileEncoding = 4; lastKnownFileType = sourcecode.c.objc; path = "UIApplication+BBCommon.m"; sourceTree = "<group>"; };
		D3E325E21426574900924894 /* UIButton+BBCommon.h */ = {isa = PBXFileReference; fileEncoding = 4; lastKnownFileType = sourcecode.c.h; path = "UIButton+BBCommon.h"; sourceTree = "<group>"; };
		D3E325E21426574900924896 /* UIButton+BBCommon.m */ = {isa = PBXFileReference; fileEncoding = 4; lastKnownFileType = sourcecode.c.objc; path = "UIButton+BBCommon.m"; sourceTree = "<group>"; };
		D3E325E21426574900924898 /* UIScrollView+BBCommon.h */ = {isa = PBXFileReference; fileEncoding = 4; lastKnownFileType = sourcecode.c.h; path = "UIScrollView+BBCommon.h"; sourceTree = "<group>"; };
		D3E325E2142657490092489A /* UIScrollView+BBCommon.m */ = {isa = PBXFileReference; fileEncoding = 4; lastKnownFileType = sourcecode.c.objc; path = "UIScrollView+BBCommon.m"; sourceTree = "<group>"; };
		D3E325E2142657490092489C /* UITableView+BBCommon.h */ = {isa = PBXFileReference; fileEncoding = 4; lastKnownFileType = sourcecode.c.h; path = "UITableView+BBCommon.h"; sourceTree = "<group>"; };
		D3E325E2142657490092489E /* UIWebView+BBCommon.h */ = {isa = PBXFileReference; fileEncoding = 4; lastKnownFileType = sourcecode.c.h; path = "UIWebView+BBCommon.h"; sourceTree = "<group>"; };
		D3E325E214265749009248A0 /* UIWebView+BBCommon.m */ = {isa = PBXFileReference; fileEncoding = 4; lastKnownFileType = sourcecode.c.objc; path = "UIWebView+BBCommon.m"; sourceTree = "<group>"; };
		D3E325E214265749009248A2 /* UIPopoverController+BBCommon.m */ = {isa = PBXFileReference; fileEncoding = 4; lastKnownFileType = sourcecode.c.objc; path = "UIPopoverController+BBCommon.m"; sourceTree = "<group>"; };
		D3E325E214265749009248A4 /* UIPopoverController+BBCommon.h */ = {isa = PBXFileReference; fileEncoding = 4; lastKnownFileType = sourcecode.c.h; path = "UIPopoverController+BBCommon.h"; sourceTree = "<group>"; };
		D3E325E214265749009248A6 /* BBModalDialogView.h */ = {isa = PBXFileReference; fileEncoding = 4; lastKnownFileType = sourcecode.c.h; path = BBModalDialogView.h; sourceTree = "<group>"; };
		D3E325E214265749009248A8 /* BBModalDialogView.m */ = {isa = PBXFileReference; fileEncoding = 4; lastKnownFileType = sourcecode.c.objc; path = BBModalDialogView.m; sourceTree = "<group>"; };
		D3E325E214265749009248AA /* BBPassThroughView.h */ = {isa = PBXFileReference; fileEncoding = 4; lastKnownFileType = sourcecode.c.h; path = BBPassThroughView.h; sourceTree = "<group>"; };
		D3E325E214265749009248AC /* BBPassThroughView.m */ = {isa = PBXFileReference; fileEncoding = 4; lastKnownFileType = sourcecode.c.objc; path = BBPassThroughView.m; sourceTree = "<group>"; };
		D3E325E214265749009248AE /* USStateAbbreviations.plist */ = {isa = PBXFileReference; fileEncoding = 4; lastKnownFileType = text.plist; path = USStateAbbreviations.plist; sourceTree = "<group>"; };
		D3E325E214265749009248AF /* UINavigationController+BBCommon.m */ = {isa = PBXFileReference; fileEncoding = 4; lastKnownFileType = sourcecode.c.objc; path = "UINavigationController+BBCommon.m"; sourceTree = "<group>"; };
		D3E325E214265749009248B1 /* UINavigationController+BBCommon.h */ = {isa = PBXFileReference; fileEncoding = 4; lastKnownFileType = sourcecode.c.h; path = "UINavigationController+BBCommon.h"; sourceTree = "<group>"; };
		D3E325E214265749009248B3 /* BBTransitioningViewControllerProtocol.h */ = {isa = PBXFileReference; fileEncoding = 4; lastKnownFileType = sourcecode.c.h; path = BBTransitioningViewControllerProtocol.h; sourceTree = "<group>"; };
		D3E325E214265749009248B5 /* UILabel+Animation.m */ = {isa = PBXFileReference; fileEncoding = 4; lastKnownFileType = sourcecode.c.objc; path = "UILabel+Animation.m"; sourceTree = "<group>"; };
		D3E325E214265749009248B7 /* UILabel+Animation.h */ = {isa = PBXFileReference; fileEncoding = 4; lastKnownFileType = sourcecode.c.h; path = "UILabel+Animation.h"; sourceTree = "<group>"; };
/* End PBXFileReference section */

/* Begin PBXFrameworksBuildPhase section */
		D3E325801426546400924841 /* Frameworks */ = {
			isa = PBXFrameworksBuildPhase;
			buildActionMask = 2147483647;
			files = (
				15515F26156A92C80047D537 /* CoreText.framework in Frameworks */,
				D3E325E11426574900924841 /* CoreData.framework in Frameworks */,
				D3E325E21426574900924841 /* QuartzCore.framework in Frameworks */,
				D3E325871426546400924841 /* Foundation.framework in Frameworks */,
			);
			runOnlyForDeploymentPostprocessing = 0;
		};
		D3E3258C1426546500924841 /* Frameworks */ = {
			isa = PBXFrameworksBuildPhase;
			buildActionMask = 2147483647;
			files = (
				D3E325921426546500924841 /* UIKit.framework in Frameworks */,
				D3E325931426546500924841 /* Foundation.framework in Frameworks */,
				D3E325951426546500924841 /* CoreGraphics.framework in Frameworks */,
				D3E325981426546500924841 /* libBBCommon.a in Frameworks */,
			);
			runOnlyForDeploymentPostprocessing = 0;
		};
/* End PBXFrameworksBuildPhase section */

/* Begin PBXGroup section */
		15B6E1D0156A88120076C490 /* Libraries */ = {
			isa = PBXGroup;
			children = (
				15B6E1D2156A88240076C490 /* TTTAttributedLabel */,
			);
			name = Libraries;
			sourceTree = "<group>";
		};
		15B6E1D2156A88240076C490 /* TTTAttributedLabel */ = {
			isa = PBXGroup;
			children = (
				15B6E1D3156A88420076C490 /* TTTAttributedLabel.h */,
				15B6E1D4156A88420076C490 /* TTTAttributedLabel.m */,
			);
			name = TTTAttributedLabel;
			sourceTree = "<group>";
		};
		D3E325781426546400924841 = {
			isa = PBXGroup;
			children = (
				15B6E1D0156A88120076C490 /* Libraries */,
				D3E325881426546400924841 /* BBCommon */,
				D3E325991426546500924841 /* BBCommonTests */,
				D3E325851426546400924841 /* Frameworks */,
				D3E325841426546400924841 /* Products */,
			);
			sourceTree = "<group>";
		};
		D3E325841426546400924841 /* Products */ = {
			isa = PBXGroup;
			children = (
				D3E325831426546400924841 /* libBBCommon.a */,
				D3E325901426546500924841 /* BBCommonTests.octest */,
			);
			name = Products;
			sourceTree = "<group>";
		};
		D3E325851426546400924841 /* Frameworks */ = {
			isa = PBXGroup;
			children = (
				15515F25156A92C80047D537 /* CoreText.framework */,
				D3E325DF1426574900924841 /* CoreData.framework */,
				D3E325E01426574900924841 /* QuartzCore.framework */,
				D3E325861426546400924841 /* Foundation.framework */,
				D3E325911426546500924841 /* UIKit.framework */,
				D3E325941426546500924841 /* CoreGraphics.framework */,
			);
			name = Frameworks;
			sourceTree = "<group>";
		};
		D3E325881426546400924841 /* BBCommon */ = {
			isa = PBXGroup;
			children = (
				59A680BECF51D402AE541981 /* BBScrollView.m */,
				59A68B29144DB18C664CE941 /* BBScrollView.h */,
				59A68237F5ABE463A1F6F680 /* BBLabel.h */,
				59A68B65B0F35D0561A8EF90 /* BBLabel.m */,
				D3E325E214265749009248B7 /* UILabel+Animation.h */,
				D3E325E214265749009248B5 /* UILabel+Animation.m */,
				D3E325E214265749009248B3 /* BBTransitioningViewControllerProtocol.h */,
				D3E325E214265749009248B1 /* UINavigationController+BBCommon.h */,
				D3E325E214265749009248AF /* UINavigationController+BBCommon.m */,
				D3D653B31579593B00D3A2AE /* BBTextView.h */,
				D3D653B41579593B00D3A2AE /* BBTextView.m */,
				D3D653B51579593B00D3A2AE /* BBTextViewStyle.h */,
				D3D653B61579593B00D3A2AE /* BBTextViewStyle.m */,
				15DAE742156C38FA00C4B09C /* BB3DTransition.h */,
				15DAE743156C38FA00C4B09C /* BB3DTransition.m */,
				D3E325B31426569D00924841 /* BBButtonStyle.h */,
				D3E325B41426569D00924841 /* BBButtonStyle.m */,
				D3E3258A1426546400924841 /* BBCommon-Prefix.pch */,
				D3E325B51426569D00924841 /* BBCommon.h */,
				D3E325E21426574900924868 /* BBKenBurnsView.h */,
				D3E325E21426574900924866 /* BBKenBurnsView.m */,
				D3E325B61426569D00924841 /* BBLabelStyle.h */,
				D3E325B71426569D00924841 /* BBLabelStyle.m */,
				D3E325B81426569D00924841 /* BBMacros.h */,
				D3E325E214265749009248A6 /* BBModalDialogView.h */,
				D3E325E214265749009248A8 /* BBModalDialogView.m */,
				D3E325E214265749009248AA /* BBPassThroughView.h */,
				D3E325E214265749009248AC /* BBPassThroughView.m */,
				D3E325E21426574900924876 /* BBPopupController.h */,
				D3E325E2142657490092486E /* BBPopupController.m */,
				D3E325B91426569D00924841 /* BBQuery.h */,
				D3E325BA1426569D00924841 /* BBQuery.m */,
				D3E325E21426574900924878 /* BBRoundedRectView.h */,
				D3E325E21426574900924870 /* BBRoundedRectView.m */,
				D3E325BB1426569D00924841 /* BBStackView.h */,
				D3E325BC1426569D00924841 /* BBStackView.m */,
				D3E325E2142657490092487A /* BBTableView.h */,
				D3E325E21426574900924872 /* BBTableView.m */,
				D3E325E2142657490092487C /* BBTableViewCell.h */,
				D3E325E21426574900924874 /* BBTableViewCell.m */,
				D3E325E21426574900924860 /* BBTextField.h */,
				D3E325E2142657490092485E /* BBTextField.m */,
				D3E325E21426574900924864 /* BBTextFieldStyle.h */,
				D3E325E21426574900924862 /* BBTextFieldStyle.m */,
				D3E325BD1426569D00924841 /* BBWrapView.h */,
				D3E325BE1426569D00924841 /* BBWrapView.m */,
				D3E325E21426574900924880 /* GTMNSString+HTML.h */,
				D3E325E21426574900924882 /* GTMNSString+HTML.m */,
				D3E325E21426574900924884 /* NSArray+BBCommon.h */,
				D3E325E21426574900924886 /* NSArray+BBCommon.m */,
				D3E325E21426574900924856 /* NSDate+BBCommon.h */,
				D3E325E21426574900924858 /* NSDate+BBCommon.m */,
				D3E325E21426574900924888 /* NSDictionary+BBCommon.h */,
				D3E325E2142657490092488A /* NSDictionary+BBCommon.m */,
				D3E325E21426574900924848 /* NSFileManager+TemporaryFiles.h */,
				D3E325E21426574900924846 /* NSFileManager+TemporaryFiles.m */,
				D3E325E21426574900924844 /* NSInvocation+BBCommon.h */,
				D3E325E21426574900924842 /* NSInvocation+BBCommon.m */,
				D3E325BF1426569D00924841 /* NSManagedObject+BBCommon.h */,
				D3E325C01426569D00924841 /* NSManagedObject+BBCommon.m */,
				D3E325E2142657490092485C /* NSObject+BBCommon.h */,
				D3E325E2142657490092485A /* NSObject+BBCommon.m */,
				D3E325E21426574900924850 /* NSString+BBCommon.h */,
				D3E325E2142657490092484E /* NSString+BBCommon.m */,
				D3E325E2142657490092488C /* NSURL+BBCommon.h */,
				D3E325E2142657490092488E /* NSURL+BBCommon.m */,
				D3E325E21426574900924890 /* UIApplication+BBCommon.h */,
				D3E325E21426574900924892 /* UIApplication+BBCommon.m */,
				D3E325E21426574900924894 /* UIButton+BBCommon.h */,
				D3E325E21426574900924896 /* UIButton+BBCommon.m */,
				D3E325E21426574900924854 /* UIColor+BBCommon.h */,
				D3E325E21426574900924852 /* UIColor+BBCommon.m */,
				D3E325E2142657490092486C /* UIImage+BBCommon.h */,
				D3E325E2142657490092486A /* UIImage+BBCommon.m */,
				D3E325C11426569D00924841 /* UILabel+BBCommon.h */,
				D3E325C21426569D00924841 /* UILabel+BBCommon.m */,
				D3E325E214265749009248A4 /* UIPopoverController+BBCommon.h */,
				D3E325E214265749009248A2 /* UIPopoverController+BBCommon.m */,
				D3E325E21426574900924898 /* UIScrollView+BBCommon.h */,
				D3E325E2142657490092489A /* UIScrollView+BBCommon.m */,
				D3E325E2142657490092489C /* UITableView+BBCommon.h */,
				D3E325E2142657490092487E /* UITableView+BBCommon.m */,
				D3E325C31426569D00924841 /* UIView+BBCommon.h */,
				D3E325C41426569D00924841 /* UIView+BBCommon.m */,
				D3E325C51426569D00924841 /* UIViewController+BBCommon.h */,
				D3E325C61426569D00924841 /* UIViewController+BBCommon.m */,
				D3E325E2142657490092489E /* UIWebView+BBCommon.h */,
				D3E325E214265749009248A0 /* UIWebView+BBCommon.m */,
				D3E325E214265749009248AE /* USStateAbbreviations.plist */,
			);
			path = BBCommon;
			sourceTree = "<group>";
		};
		D3E325991426546500924841 /* BBCommonTests */ = {
			isa = PBXGroup;
			children = (
				D3E325A01426546500924841 /* BBCommonTests.h */,
				D3E325A21426546500924841 /* BBCommonTests.m */,
				D3E3259A1426546500924841 /* Supporting Files */,
			);
			path = BBCommonTests;
			sourceTree = "<group>";
		};
		D3E3259A1426546500924841 /* Supporting Files */ = {
			isa = PBXGroup;
			children = (
				D3E3259B1426546500924841 /* BBCommonTests-Info.plist */,
				D3E3259C1426546500924841 /* InfoPlist.strings */,
				D3E3259F1426546500924841 /* BBCommonTests-Prefix.pch */,
			);
			name = "Supporting Files";
			sourceTree = "<group>";
		};
/* End PBXGroup section */

/* Begin PBXHeadersBuildPhase section */
		D3E325811426546400924841 /* Headers */ = {
			isa = PBXHeadersBuildPhase;
			buildActionMask = 2147483647;
			files = (
				D3E325C71426569D00924841 /* BBButtonStyle.h in Headers */,
				D3E325C91426569D00924841 /* BBCommon.h in Headers */,
				D3E325CA1426569D00924841 /* BBLabelStyle.h in Headers */,
				D3E325CC1426569D00924841 /* BBMacros.h in Headers */,
				D3E325CD1426569D00924841 /* BBQuery.h in Headers */,
				D3E325CF1426569D00924841 /* BBStackView.h in Headers */,
				D3E325D11426569D00924841 /* BBWrapView.h in Headers */,
				D3E325D31426569D00924841 /* NSManagedObject+BBCommon.h in Headers */,
				D3E325E21426574900924845 /* NSInvocation+BBCommon.h in Headers */,
				D3E325E21426574900924849 /* NSFileManager+TemporaryFiles.h in Headers */,
				D3E325D51426569D00924841 /* UILabel+BBCommon.h in Headers */,
				D3E325D71426569D00924841 /* UIView+BBCommon.h in Headers */,
				D3E325D91426569D00924841 /* UIViewController+BBCommon.h in Headers */,
				D3E325E21426574900924851 /* NSString+BBCommon.h in Headers */,
				D3E325E21426574900924855 /* UIColor+BBCommon.h in Headers */,
				D3E325E21426574900924857 /* NSDate+BBCommon.h in Headers */,
				D3E325E2142657490092485D /* NSObject+BBCommon.h in Headers */,
				D3E325E21426574900924861 /* BBTextField.h in Headers */,
				D3E325E21426574900924865 /* BBTextFieldStyle.h in Headers */,
				D3E325E21426574900924869 /* BBKenBurnsView.h in Headers */,
				D3E325E2142657490092486D /* UIImage+BBCommon.h in Headers */,
				D3E325E21426574900924877 /* BBPopupController.h in Headers */,
				D3E325E21426574900924879 /* BBRoundedRectView.h in Headers */,
				D3E325E2142657490092487B /* BBTableView.h in Headers */,
				D3E325E2142657490092487D /* BBTableViewCell.h in Headers */,
				D3E325E21426574900924881 /* GTMNSString+HTML.h in Headers */,
				D3E325E21426574900924885 /* NSArray+BBCommon.h in Headers */,
				D3E325E21426574900924889 /* NSDictionary+BBCommon.h in Headers */,
				D3E325E2142657490092488D /* NSURL+BBCommon.h in Headers */,
				D3E325E21426574900924891 /* UIApplication+BBCommon.h in Headers */,
				D3E325E21426574900924895 /* UIButton+BBCommon.h in Headers */,
				D3E325E21426574900924899 /* UIScrollView+BBCommon.h in Headers */,
				D3E325E2142657490092489D /* UITableView+BBCommon.h in Headers */,
				D3E325E2142657490092489F /* UIWebView+BBCommon.h in Headers */,
				D3E325E214265749009248A5 /* UIPopoverController+BBCommon.h in Headers */,
				D3E325E214265749009248A7 /* BBModalDialogView.h in Headers */,
				D3E325E214265749009248AB /* BBPassThroughView.h in Headers */,
				15B6E1D5156A88420076C490 /* TTTAttributedLabel.h in Headers */,
				15DAE744156C38FA00C4B09C /* BB3DTransition.h in Headers */,
				D3D653B71579593B00D3A2AE /* BBTextView.h in Headers */,
				D3D653B91579593B00D3A2AE /* BBTextViewStyle.h in Headers */,
				D3E325E214265749009248B2 /* UINavigationController+BBCommon.h in Headers */,
				D3E325E214265749009248B4 /* BBTransitioningViewControllerProtocol.h in Headers */,
				D3E325E214265749009248B8 /* UILabel+Animation.h in Headers */,
				59A688592900AE0E706B1F6A /* BBLabel.h in Headers */,
				59A6824C2B6E015A599423CF /* BBScrollView.h in Headers */,
			);
			runOnlyForDeploymentPostprocessing = 0;
		};
/* End PBXHeadersBuildPhase section */

/* Begin PBXNativeTarget section */
		D3E325821426546400924841 /* BBCommon */ = {
			isa = PBXNativeTarget;
			buildConfigurationList = D3E325A61426546500924841 /* Build configuration list for PBXNativeTarget "BBCommon" */;
			buildPhases = (
				D3E3257F1426546400924841 /* Sources */,
				D3E325801426546400924841 /* Frameworks */,
				D3E325811426546400924841 /* Headers */,
			);
			buildRules = (
			);
			dependencies = (
			);
			name = BBCommon;
			productName = BBCommon;
			productReference = D3E325831426546400924841 /* libBBCommon.a */;
			productType = "com.apple.product-type.library.static";
		};
		D3E3258F1426546500924841 /* BBCommonTests */ = {
			isa = PBXNativeTarget;
			buildConfigurationList = D3E325A91426546500924841 /* Build configuration list for PBXNativeTarget "BBCommonTests" */;
			buildPhases = (
				D3E3258B1426546500924841 /* Sources */,
				D3E3258C1426546500924841 /* Frameworks */,
				D3E3258D1426546500924841 /* Resources */,
				D3E3258E1426546500924841 /* ShellScript */,
			);
			buildRules = (
			);
			dependencies = (
				D3E325971426546500924841 /* PBXTargetDependency */,
			);
			name = BBCommonTests;
			productName = BBCommonTests;
			productReference = D3E325901426546500924841 /* BBCommonTests.octest */;
			productType = "com.apple.product-type.bundle";
		};
/* End PBXNativeTarget section */

/* Begin PBXProject section */
		D3E3257A1426546400924841 /* Project object */ = {
			isa = PBXProject;
			attributes = {
				LastUpgradeCheck = 0430;
				ORGANIZATIONNAME = "BigBig Bomb, LLC";
			};
			buildConfigurationList = D3E3257D1426546400924841 /* Build configuration list for PBXProject "BBCommon" */;
			compatibilityVersion = "Xcode 3.2";
			developmentRegion = English;
			hasScannedForEncodings = 0;
			knownRegions = (
				en,
			);
			mainGroup = D3E325781426546400924841;
			productRefGroup = D3E325841426546400924841 /* Products */;
			projectDirPath = "";
			projectRoot = "";
			targets = (
				D3E325821426546400924841 /* BBCommon */,
				D3E3258F1426546500924841 /* BBCommonTests */,
			);
		};
/* End PBXProject section */

/* Begin PBXResourcesBuildPhase section */
		D3E3258D1426546500924841 /* Resources */ = {
			isa = PBXResourcesBuildPhase;
			buildActionMask = 2147483647;
			files = (
				D3E3259E1426546500924841 /* InfoPlist.strings in Resources */,
				D3E325A11426546500924841 /* BBCommonTests.h in Resources */,
			);
			runOnlyForDeploymentPostprocessing = 0;
		};
/* End PBXResourcesBuildPhase section */

/* Begin PBXShellScriptBuildPhase section */
		D3E3258E1426546500924841 /* ShellScript */ = {
			isa = PBXShellScriptBuildPhase;
			buildActionMask = 2147483647;
			files = (
			);
			inputPaths = (
			);
			outputPaths = (
			);
			runOnlyForDeploymentPostprocessing = 0;
			shellPath = /bin/sh;
			shellScript = "# Run the unit tests in this test bundle.\n\"${SYSTEM_DEVELOPER_DIR}/Tools/RunUnitTests\"\n";
		};
/* End PBXShellScriptBuildPhase section */

/* Begin PBXSourcesBuildPhase section */
		D3E3257F1426546400924841 /* Sources */ = {
			isa = PBXSourcesBuildPhase;
			buildActionMask = 2147483647;
			files = (
				D3E325C81426569D00924841 /* BBButtonStyle.m in Sources */,
				D3E325CB1426569D00924841 /* BBLabelStyle.m in Sources */,
				D3E325CE1426569D00924841 /* BBQuery.m in Sources */,
				D3E325D01426569D00924841 /* BBStackView.m in Sources */,
				D3E325D21426569D00924841 /* BBWrapView.m in Sources */,
				D3E325D41426569D00924841 /* NSManagedObject+BBCommon.m in Sources */,
				D3E325D61426569D00924841 /* UILabel+BBCommon.m in Sources */,
				D3E325D81426569D00924841 /* UIView+BBCommon.m in Sources */,
				D3E325DA1426569D00924841 /* UIViewController+BBCommon.m in Sources */,
				D3E325E21426574900924843 /* NSInvocation+BBCommon.m in Sources */,
				D3E325E21426574900924847 /* NSFileManager+TemporaryFiles.m in Sources */,
				D3E325E2142657490092484F /* NSString+BBCommon.m in Sources */,
				D3E325E21426574900924853 /* UIColor+BBCommon.m in Sources */,
				D3E325E21426574900924859 /* NSDate+BBCommon.m in Sources */,
				D3E325E2142657490092485B /* NSObject+BBCommon.m in Sources */,
				D3E325E2142657490092485F /* BBTextField.m in Sources */,
				D3E325E21426574900924863 /* BBTextFieldStyle.m in Sources */,
				D3E325E21426574900924867 /* BBKenBurnsView.m in Sources */,
				D3E325E2142657490092486B /* UIImage+BBCommon.m in Sources */,
				D3E325E2142657490092486F /* BBPopupController.m in Sources */,
				D3E325E21426574900924871 /* BBRoundedRectView.m in Sources */,
				D3E325E21426574900924873 /* BBTableView.m in Sources */,
				D3E325E21426574900924875 /* BBTableViewCell.m in Sources */,
				D3E325E2142657490092487F /* UITableView+BBCommon.m in Sources */,
				D3E325E21426574900924883 /* GTMNSString+HTML.m in Sources */,
				D3E325E21426574900924887 /* NSArray+BBCommon.m in Sources */,
				D3E325E2142657490092488B /* NSDictionary+BBCommon.m in Sources */,
				D3E325E2142657490092488F /* NSURL+BBCommon.m in Sources */,
				D3E325E21426574900924893 /* UIApplication+BBCommon.m in Sources */,
				D3E325E21426574900924897 /* UIButton+BBCommon.m in Sources */,
				D3E325E2142657490092489B /* UIScrollView+BBCommon.m in Sources */,
				D3E325E214265749009248A1 /* UIWebView+BBCommon.m in Sources */,
				D3E325E214265749009248A3 /* UIPopoverController+BBCommon.m in Sources */,
				D3E325E214265749009248A9 /* BBModalDialogView.m in Sources */,
				D3E325E214265749009248AD /* BBPassThroughView.m in Sources */,
				15B6E1D6156A88420076C490 /* TTTAttributedLabel.m in Sources */,
				15DAE745156C38FA00C4B09C /* BB3DTransition.m in Sources */,
				D3D653B81579593B00D3A2AE /* BBTextView.m in Sources */,
				D3D653BA1579593B00D3A2AE /* BBTextViewStyle.m in Sources */,
				D3E325E214265749009248B0 /* UINavigationController+BBCommon.m in Sources */,
				D3E325E214265749009248B6 /* UILabel+Animation.m in Sources */,
				59A68FF66EABEEF418A387F8 /* BBLabel.m in Sources */,
				59A68D03DEAA2FC4D08E9686 /* BBScrollView.m in Sources */,
			);
			runOnlyForDeploymentPostprocessing = 0;
		};
		D3E3258B1426546500924841 /* Sources */ = {
			isa = PBXSourcesBuildPhase;
			buildActionMask = 2147483647;
			files = (
				D3E325A31426546500924841 /* BBCommonTests.m in Sources */,
			);
			runOnlyForDeploymentPostprocessing = 0;
		};
/* End PBXSourcesBuildPhase section */

/* Begin PBXTargetDependency section */
		D3E325971426546500924841 /* PBXTargetDependency */ = {
			isa = PBXTargetDependency;
			target = D3E325821426546400924841 /* BBCommon */;
			targetProxy = D3E325961426546500924841 /* PBXContainerItemProxy */;
		};
/* End PBXTargetDependency section */

/* Begin PBXVariantGroup section */
		D3E3259C1426546500924841 /* InfoPlist.strings */ = {
			isa = PBXVariantGroup;
			children = (
				D3E3259D1426546500924841 /* en */,
			);
			name = InfoPlist.strings;
			sourceTree = "<group>";
		};
/* End PBXVariantGroup section */

/* Begin XCBuildConfiguration section */
		D37AA53414698714000BCC77 /* AdHoc-Debug */ = {
			isa = XCBuildConfiguration;
			buildSettings = {
				ARCHS = "$(ARCHS_STANDARD_32_BIT)";
				GCC_C_LANGUAGE_STANDARD = gnu99;
				GCC_VERSION = "";
				GCC_WARN_ABOUT_RETURN_TYPE = YES;
				GCC_WARN_UNUSED_VARIABLE = YES;
				INSTALL_PATH = "$(BUILT_PRODUCTS_DIR)";
				IPHONEOS_DEPLOYMENT_TARGET = 4.3;
				SDKROOT = iphoneos;
				SKIP_INSTALL = YES;
			};
			name = "AdHoc-Debug";
		};
		D37AA53514698714000BCC77 /* AdHoc-Debug */ = {
			isa = XCBuildConfiguration;
			buildSettings = {
				ALWAYS_SEARCH_USER_PATHS = NO;
				DSTROOT = /tmp/BBCommon.dst;
				GCC_PRECOMPILE_PREFIX_HEADER = YES;
				GCC_PREFIX_HEADER = "BBCommon/BBCommon-Prefix.pch";
				GCC_VERSION = "";
				INSTALL_PATH = "";
				OTHER_LDFLAGS = "-ObjC";
				PRODUCT_NAME = "$(TARGET_NAME)";
				PUBLIC_HEADERS_FOLDER_PATH = "$(TARGET_NAME)";
			};
			name = "AdHoc-Debug";
		};
		D37AA53614698714000BCC77 /* AdHoc-Debug */ = {
			isa = XCBuildConfiguration;
			buildSettings = {
				ALWAYS_SEARCH_USER_PATHS = NO;
				FRAMEWORK_SEARCH_PATHS = (
					"$(SDKROOT)/Developer/Library/Frameworks",
					"$(DEVELOPER_LIBRARY_DIR)/Frameworks",
				);
				GCC_PRECOMPILE_PREFIX_HEADER = YES;
				GCC_PREFIX_HEADER = "BBCommonTests/BBCommonTests-Prefix.pch";
				GCC_VERSION = com.apple.compilers.llvm.clang.1_0;
				INFOPLIST_FILE = "BBCommonTests/BBCommonTests-Info.plist";
				OTHER_LDFLAGS = (
					"-framework",
					SenTestingKit,
				);
				PRODUCT_NAME = "$(TARGET_NAME)";
				WRAPPER_EXTENSION = octest;
			};
			name = "AdHoc-Debug";
		};
		D37AA53814698726000BCC77 /* AppStore_Distribution */ = {
			isa = XCBuildConfiguration;
			buildSettings = {
				ARCHS = "$(ARCHS_STANDARD_32_BIT)";
				GCC_C_LANGUAGE_STANDARD = gnu99;
				GCC_VERSION = "";
				GCC_WARN_ABOUT_RETURN_TYPE = YES;
				GCC_WARN_UNUSED_VARIABLE = YES;
				INSTALL_PATH = "$(BUILT_PRODUCTS_DIR)";
				IPHONEOS_DEPLOYMENT_TARGET = 4.3;
				SDKROOT = iphoneos;
				SKIP_INSTALL = YES;
			};
			name = AppStore_Distribution;
		};
		D37AA53914698726000BCC77 /* AppStore_Distribution */ = {
			isa = XCBuildConfiguration;
			buildSettings = {
				ALWAYS_SEARCH_USER_PATHS = NO;
				DSTROOT = /tmp/BBCommon.dst;
				GCC_PRECOMPILE_PREFIX_HEADER = YES;
				GCC_PREFIX_HEADER = "BBCommon/BBCommon-Prefix.pch";
				GCC_VERSION = "";
				INSTALL_PATH = "";
				OTHER_LDFLAGS = "-ObjC";
				PRODUCT_NAME = "$(TARGET_NAME)";
				PUBLIC_HEADERS_FOLDER_PATH = "$(TARGET_NAME)";
			};
			name = AppStore_Distribution;
		};
		D37AA53A14698726000BCC77 /* AppStore_Distribution */ = {
			isa = XCBuildConfiguration;
			buildSettings = {
				ALWAYS_SEARCH_USER_PATHS = NO;
				FRAMEWORK_SEARCH_PATHS = (
					"$(SDKROOT)/Developer/Library/Frameworks",
					"$(DEVELOPER_LIBRARY_DIR)/Frameworks",
				);
				GCC_PRECOMPILE_PREFIX_HEADER = YES;
				GCC_PREFIX_HEADER = "BBCommonTests/BBCommonTests-Prefix.pch";
				GCC_VERSION = com.apple.compilers.llvm.clang.1_0;
				INFOPLIST_FILE = "BBCommonTests/BBCommonTests-Info.plist";
				OTHER_LDFLAGS = (
					"-framework",
					SenTestingKit,
				);
				PRODUCT_NAME = "$(TARGET_NAME)";
				WRAPPER_EXTENSION = octest;
			};
			name = AppStore_Distribution;
		};
		D3B61A2B146439A90068B721 /* AdHoc */ = {
			isa = XCBuildConfiguration;
			buildSettings = {
				ARCHS = "$(ARCHS_STANDARD_32_BIT)";
				GCC_C_LANGUAGE_STANDARD = gnu99;
				GCC_VERSION = "";
				GCC_WARN_ABOUT_RETURN_TYPE = YES;
				GCC_WARN_UNUSED_VARIABLE = YES;
				INSTALL_PATH = "$(BUILT_PRODUCTS_DIR)";
				IPHONEOS_DEPLOYMENT_TARGET = 4.3;
				SDKROOT = iphoneos;
				SKIP_INSTALL = YES;
			};
			name = AdHoc;
		};
		D3B61A2C146439A90068B721 /* AdHoc */ = {
			isa = XCBuildConfiguration;
			buildSettings = {
				ALWAYS_SEARCH_USER_PATHS = NO;
				DSTROOT = /tmp/BBCommon.dst;
				GCC_PRECOMPILE_PREFIX_HEADER = YES;
				GCC_PREFIX_HEADER = "BBCommon/BBCommon-Prefix.pch";
				GCC_VERSION = "";
				INSTALL_PATH = "";
				OTHER_LDFLAGS = "-ObjC";
				PRODUCT_NAME = "$(TARGET_NAME)";
				PUBLIC_HEADERS_FOLDER_PATH = "$(TARGET_NAME)";
			};
			name = AdHoc;
		};
		D3B61A2D146439A90068B721 /* AdHoc */ = {
			isa = XCBuildConfiguration;
			buildSettings = {
				ALWAYS_SEARCH_USER_PATHS = NO;
				FRAMEWORK_SEARCH_PATHS = (
					"$(SDKROOT)/Developer/Library/Frameworks",
					"$(DEVELOPER_LIBRARY_DIR)/Frameworks",
				);
				GCC_PRECOMPILE_PREFIX_HEADER = YES;
				GCC_PREFIX_HEADER = "BBCommonTests/BBCommonTests-Prefix.pch";
				GCC_VERSION = com.apple.compilers.llvm.clang.1_0;
				INFOPLIST_FILE = "BBCommonTests/BBCommonTests-Info.plist";
				OTHER_LDFLAGS = (
					"-framework",
					SenTestingKit,
				);
				PRODUCT_NAME = "$(TARGET_NAME)";
				WRAPPER_EXTENSION = octest;
			};
			name = AdHoc;
		};
		D3E325A41426546500924841 /* Debug */ = {
			isa = XCBuildConfiguration;
			buildSettings = {
				ARCHS = "$(ARCHS_STANDARD_32_BIT)";
				GCC_C_LANGUAGE_STANDARD = gnu99;
				GCC_OPTIMIZATION_LEVEL = 0;
				GCC_PREPROCESSOR_DEFINITIONS = DEBUG;
				GCC_SYMBOLS_PRIVATE_EXTERN = NO;
				GCC_VERSION = "";
				GCC_WARN_ABOUT_RETURN_TYPE = YES;
				GCC_WARN_UNUSED_VARIABLE = YES;
				INSTALL_PATH = "$(BUILT_PRODUCTS_DIR)";
				IPHONEOS_DEPLOYMENT_TARGET = 4.3;
				SDKROOT = iphoneos;
				SKIP_INSTALL = YES;
			};
			name = Debug;
		};
		D3E325A51426546500924841 /* Release */ = {
			isa = XCBuildConfiguration;
			buildSettings = {
				ARCHS = "$(ARCHS_STANDARD_32_BIT)";
				GCC_C_LANGUAGE_STANDARD = gnu99;
				GCC_VERSION = "";
				GCC_WARN_ABOUT_RETURN_TYPE = YES;
				GCC_WARN_UNUSED_VARIABLE = YES;
				INSTALL_PATH = "$(BUILT_PRODUCTS_DIR)";
				IPHONEOS_DEPLOYMENT_TARGET = 4.3;
				SDKROOT = iphoneos;
				SKIP_INSTALL = YES;
			};
			name = Release;
		};
		D3E325A71426546500924841 /* Debug */ = {
			isa = XCBuildConfiguration;
			buildSettings = {
				ALWAYS_SEARCH_USER_PATHS = NO;
				DSTROOT = /tmp/BBCommon.dst;
				GCC_PRECOMPILE_PREFIX_HEADER = YES;
				GCC_PREFIX_HEADER = "BBCommon/BBCommon-Prefix.pch";
				GCC_VERSION = "";
				INSTALL_PATH = "";
				OTHER_LDFLAGS = "-ObjC";
				PRODUCT_NAME = "$(TARGET_NAME)";
				PUBLIC_HEADERS_FOLDER_PATH = "$(TARGET_NAME)";
			};
			name = Debug;
		};
		D3E325A81426546500924841 /* Release */ = {
			isa = XCBuildConfiguration;
			buildSettings = {
				ALWAYS_SEARCH_USER_PATHS = NO;
				DSTROOT = /tmp/BBCommon.dst;
				GCC_PRECOMPILE_PREFIX_HEADER = YES;
				GCC_PREFIX_HEADER = "BBCommon/BBCommon-Prefix.pch";
				GCC_VERSION = "";
				INSTALL_PATH = "";
				OTHER_LDFLAGS = "-ObjC";
				PRODUCT_NAME = "$(TARGET_NAME)";
				PUBLIC_HEADERS_FOLDER_PATH = "$(TARGET_NAME)";
			};
			name = Release;
		};
		D3E325AA1426546500924841 /* Debug */ = {
			isa = XCBuildConfiguration;
			buildSettings = {
				ALWAYS_SEARCH_USER_PATHS = NO;
				FRAMEWORK_SEARCH_PATHS = (
					"$(SDKROOT)/Developer/Library/Frameworks",
					"$(DEVELOPER_LIBRARY_DIR)/Frameworks",
				);
				GCC_PRECOMPILE_PREFIX_HEADER = YES;
				GCC_PREFIX_HEADER = "BBCommonTests/BBCommonTests-Prefix.pch";
				GCC_VERSION = com.apple.compilers.llvm.clang.1_0;
				INFOPLIST_FILE = "BBCommonTests/BBCommonTests-Info.plist";
				OTHER_LDFLAGS = (
					"-framework",
					SenTestingKit,
				);
				PRODUCT_NAME = "$(TARGET_NAME)";
				WRAPPER_EXTENSION = octest;
			};
			name = Debug;
		};
		D3E325AB1426546500924841 /* Release */ = {
			isa = XCBuildConfiguration;
			buildSettings = {
				ALWAYS_SEARCH_USER_PATHS = NO;
				FRAMEWORK_SEARCH_PATHS = (
					"$(SDKROOT)/Developer/Library/Frameworks",
					"$(DEVELOPER_LIBRARY_DIR)/Frameworks",
				);
				GCC_PRECOMPILE_PREFIX_HEADER = YES;
				GCC_PREFIX_HEADER = "BBCommonTests/BBCommonTests-Prefix.pch";
				GCC_VERSION = com.apple.compilers.llvm.clang.1_0;
				INFOPLIST_FILE = "BBCommonTests/BBCommonTests-Info.plist";
				OTHER_LDFLAGS = (
					"-framework",
					SenTestingKit,
				);
				PRODUCT_NAME = "$(TARGET_NAME)";
				WRAPPER_EXTENSION = octest;
			};
			name = Release;
		};
/* End XCBuildConfiguration section */

/* Begin XCConfigurationList section */
		D3E3257D1426546400924841 /* Build configuration list for PBXProject "BBCommon" */ = {
			isa = XCConfigurationList;
			buildConfigurations = (
				D3E325A41426546500924841 /* Debug */,
				D3E325A51426546500924841 /* Release */,
				D3B61A2B146439A90068B721 /* AdHoc */,
				D37AA53814698726000BCC77 /* AppStore_Distribution */,
				D37AA53414698714000BCC77 /* AdHoc-Debug */,
			);
			defaultConfigurationIsVisible = 0;
			defaultConfigurationName = Release;
		};
		D3E325A61426546500924841 /* Build configuration list for PBXNativeTarget "BBCommon" */ = {
			isa = XCConfigurationList;
			buildConfigurations = (
				D3E325A71426546500924841 /* Debug */,
				D3E325A81426546500924841 /* Release */,
				D3B61A2C146439A90068B721 /* AdHoc */,
				D37AA53914698726000BCC77 /* AppStore_Distribution */,
				D37AA53514698714000BCC77 /* AdHoc-Debug */,
			);
			defaultConfigurationIsVisible = 0;
			defaultConfigurationName = Release;
		};
		D3E325A91426546500924841 /* Build configuration list for PBXNativeTarget "BBCommonTests" */ = {
			isa = XCConfigurationList;
			buildConfigurations = (
				D3E325AA1426546500924841 /* Debug */,
				D3E325AB1426546500924841 /* Release */,
				D3B61A2D146439A90068B721 /* AdHoc */,
				D37AA53A14698726000BCC77 /* AppStore_Distribution */,
				D37AA53614698714000BCC77 /* AdHoc-Debug */,
			);
			defaultConfigurationIsVisible = 0;
			defaultConfigurationName = Release;
		};
/* End XCConfigurationList section */
	};
	rootObject = D3E3257A1426546400924841 /* Project object */;
}
